
Microsoft Visual Studio Solution File, Format Version 12.00
# Visual Studio Version 17
VisualStudioVersion = 17.0.32014.148
MinimumVisualStudioVersion = 10.0.40219.1
Project("{9A19103F-16F7-4668-BE54-9A1E7A4F7556}") = "BlazorApp.Client", "Client\BlazorApp.Client.csproj", "{0E598A07-C528-4C81-846A-633488ABA810}"
EndProject
Project("{9A19103F-16F7-4668-BE54-9A1E7A4F7556}") = "BlazorApp.Grpc", "Grpc\BlazorApp.Grpc.csproj", "{1539311E-A015-400D-833D-105214ADD495}"
EndProject
Global
	GlobalSection(SolutionConfigurationPlatforms) = preSolution
		Debug|Any CPU = Debug|Any CPU
		Release|Any CPU = Release|Any CPU
	EndGlobalSection
	GlobalSection(ProjectConfigurationPlatforms) = postSolution
		{0E598A07-C528-4C81-846A-633488ABA810}.Debug|Any CPU.ActiveCfg = Debug|Any CPU
		{0E598A07-C528-4C81-846A-633488ABA810}.Debug|Any CPU.Build.0 = Debug|Any CPU
		{0E598A07-C528-4C81-846A-633488ABA810}.Release|Any CPU.ActiveCfg = Release|Any CPU
		{0E598A07-C528-4C81-846A-633488ABA810}.Release|Any CPU.Build.0 = Release|Any CPU
		{1539311E-A015-400D-833D-105214ADD495}.Debug|Any CPU.ActiveCfg = Debug|Any CPU
		{1539311E-A015-400D-833D-105214ADD495}.Debug|Any CPU.Build.0 = Debug|Any CPU
		{1539311E-A015-400D-833D-105214ADD495}.Release|Any CPU.ActiveCfg = Release|Any CPU
		{1539311E-A015-400D-833D-105214ADD495}.Release|Any CPU.Build.0 = Release|Any CPU
	EndGlobalSection
	GlobalSection(SolutionProperties) = preSolution
		HideSolutionNode = FALSE
	EndGlobalSection
	GlobalSection(ExtensibilityGlobals) = postSolution
		SolutionGuid = {259B18CF-AECD-47BE-9957-FA7CED68FD66}
	EndGlobalSection
EndGlobal
